<?xml version="1.0" encoding="utf-8"?>
<Project ToolsVersion="4.0" xmlns="http://schemas.microsoft.com/developer/msbuild/2003">
  <ItemGroup>
    <Filter Include="Source Files">
      <UniqueIdentifier>{4FC737F1-C7A5-4376-A066-2A32D752A2FF}</UniqueIdentifier>
      <Extensions>cpp;c;cc;cxx;c++;cppm;ixx;def;odl;idl;hpj;bat;asm;asmx</Extensions>
    </Filter>
    <Filter Include="Header Files">
      <UniqueIdentifier>{93995380-89BD-4b04-88EB-625FBE52EBFB}</UniqueIdentifier>
      <Extensions>h;hh;hpp;hxx;h++;hm;inl;inc;ipp;xsd</Extensions>
    </Filter>
    <Filter Include="thrift">
      <UniqueIdentifier>{b200e2f7-35df-470c-8c66-43f4473644b8}</UniqueIdentifier>
    </Filter>
  </ItemGroup>
  <ItemGroup>
    <ClCompile Include="ida_plugin.cpp">
      <Filter>Source Files</Filter>
    </ClCompile>
    <ClCompile Include="ida_debug.cpp">
      <Filter>Source Files</Filter>
    </ClCompile>
    <ClCompile Include="..\gen-cpp\BsnesDebugger.cpp">
      <Filter>thrift</Filter>
    </ClCompile>
    <ClCompile Include="..\gen-cpp\debug_proto_types.cpp">
      <Filter>thrift</Filter>
    </ClCompile>
    <ClCompile Include="..\gen-cpp\IdaClient.cpp">
      <Filter>thrift</Filter>
    </ClCompile>
  </ItemGroup>
  <ItemGroup>
    <ClInclude Include="ida_plugin.h">
      <Filter>Header Files</Filter>
    </ClInclude>
    <ClInclude Include="ida_registers.h">
      <Filter>Header Files</Filter>
    </ClInclude>
    <ClInclude Include="ida_debmod.h">
      <Filter>Header Files</Filter>
    </ClInclude>
    <ClInclude Include="..\gen-cpp\BsnesDebugger.h">
      <Filter>thrift</Filter>
    </ClInclude>
    <ClInclude Include="..\gen-cpp\debug_proto_types.h">
      <Filter>thrift</Filter>
    </ClInclude>
    <ClInclude Include="..\gen-cpp\IdaClient.h">
      <Filter>thrift</Filter>
    </ClInclude>
  </ItemGroup>
</Project>